
Microsoft Visual Studio Solution File, Format Version 12.00
# Visual Studio Version 17
VisualStudioVersion = 17.0.31903.59
MinimumVisualStudioVersion = 10.0.40219.1
Project("{2150E333-8FDC-42A3-9474-1A3956D46DE8}") = "src", ".", "{827E0CD3-B72D-47B6-A68D-7590B98EB39B}"
EndProject
Project("{FAE04EC0-301F-11D3-BF4B-00C04F79EFBC}") = "cCoder.Packaging", "cCoder.Packaging\cCoder.Packaging.csproj", "{3A8F3D1D-E66D-49DC-AE1C-C39C3F780ABF}"
EndProject
Project("{FAE04EC0-301F-11D3-BF4B-00C04F79EFBC}") = "cCoder.Packaging.Tests", "cCoder.Packaging.Tests\cCoder.Packaging.Tests.csproj", "{3C2CCFD3-9A9F-42E0-B409-E5812D36C929}"
EndProject
Global
	GlobalSection(SolutionConfigurationPlatforms) = preSolution
		Debug|Any CPU = Debug|Any CPU
		Debug|x64 = Debug|x64
		Debug|x86 = Debug|x86
		Release|Any CPU = Release|Any CPU
		Release|x64 = Release|x64
		Release|x86 = Release|x86
	EndGlobalSection
	GlobalSection(ProjectConfigurationPlatforms) = postSolution
		{3A8F3D1D-E66D-49DC-AE1C-C39C3F780ABF}.Debug|Any CPU.ActiveCfg = Debug|Any CPU
		{3A8F3D1D-E66D-49DC-AE1C-C39C3F780ABF}.Debug|Any CPU.Build.0 = Debug|Any CPU
		{3A8F3D1D-E66D-49DC-AE1C-C39C3F780ABF}.Debug|x64.ActiveCfg = Debug|Any CPU
		{3A8F3D1D-E66D-49DC-AE1C-C39C3F780ABF}.Debug|x64.Build.0 = Debug|Any CPU
		{3A8F3D1D-E66D-49DC-AE1C-C39C3F780ABF}.Debug|x86.ActiveCfg = Debug|Any CPU
		{3A8F3D1D-E66D-49DC-AE1C-C39C3F780ABF}.Debug|x86.Build.0 = Debug|Any CPU
		{3A8F3D1D-E66D-49DC-AE1C-C39C3F780ABF}.Release|Any CPU.ActiveCfg = Release|Any CPU
		{3A8F3D1D-E66D-49DC-AE1C-C39C3F780ABF}.Release|Any CPU.Build.0 = Release|Any CPU
		{3A8F3D1D-E66D-49DC-AE1C-C39C3F780ABF}.Release|x64.ActiveCfg = Release|Any CPU
		{3A8F3D1D-E66D-49DC-AE1C-C39C3F780ABF}.Release|x64.Build.0 = Release|Any CPU
		{3A8F3D1D-E66D-49DC-AE1C-C39C3F780ABF}.Release|x86.ActiveCfg = Release|Any CPU
		{3A8F3D1D-E66D-49DC-AE1C-C39C3F780ABF}.Release|x86.Build.0 = Release|Any CPU
		{3C2CCFD3-9A9F-42E0-B409-E5812D36C929}.Debug|Any CPU.ActiveCfg = Debug|Any CPU
		{3C2CCFD3-9A9F-42E0-B409-E5812D36C929}.Debug|Any CPU.Build.0 = Debug|Any CPU
		{3C2CCFD3-9A9F-42E0-B409-E5812D36C929}.Debug|x64.ActiveCfg = Debug|Any CPU
		{3C2CCFD3-9A9F-42E0-B409-E5812D36C929}.Debug|x64.Build.0 = Debug|Any CPU
		{3C2CCFD3-9A9F-42E0-B409-E5812D36C929}.Debug|x86.ActiveCfg = Debug|Any CPU
		{3C2CCFD3-9A9F-42E0-B409-E5812D36C929}.Debug|x86.Build.0 = Debug|Any CPU
		{3C2CCFD3-9A9F-42E0-B409-E5812D36C929}.Release|Any CPU.ActiveCfg = Release|Any CPU
		{3C2CCFD3-9A9F-42E0-B409-E5812D36C929}.Release|Any CPU.Build.0 = Release|Any CPU
		{3C2CCFD3-9A9F-42E0-B409-E5812D36C929}.Release|x64.ActiveCfg = Release|Any CPU
		{3C2CCFD3-9A9F-42E0-B409-E5812D36C929}.Release|x64.Build.0 = Release|Any CPU
		{3C2CCFD3-9A9F-42E0-B409-E5812D36C929}.Release|x86.ActiveCfg = Release|Any CPU
		{3C2CCFD3-9A9F-42E0-B409-E5812D36C929}.Release|x86.Build.0 = Release|Any CPU
	EndGlobalSection
	GlobalSection(SolutionProperties) = preSolution
		HideSolutionNode = FALSE
	EndGlobalSection
	GlobalSection(NestedProjects) = preSolution
		{3A8F3D1D-E66D-49DC-AE1C-C39C3F780ABF} = {827E0CD3-B72D-47B6-A68D-7590B98EB39B}
		{3C2CCFD3-9A9F-42E0-B409-E5812D36C929} = {827E0CD3-B72D-47B6-A68D-7590B98EB39B}
	EndGlobalSection
EndGlobal
